
Microsoft Visual Studio Solution File, Format Version 12.00
# Visual Studio Version 17
VisualStudioVersion = 17.11.35312.102
MinimumVisualStudioVersion = 10.0.40219.1
Project("{FAE04EC0-301F-11D3-BF4B-00C04F79EFBC}") = "csharp-exercises", "csharp-exercises\csharp-exercises.csproj", "{AC318EF4-05EC-476F-BABC-264E6BF58D1B}"
EndProject
Global
	GlobalSection(SolutionConfigurationPlatforms) = preSolution
		Debug|Any CPU = Debug|Any CPU
		Release|Any CPU = Release|Any CPU
	EndGlobalSection
	GlobalSection(ProjectConfigurationPlatforms) = postSolution
		{AC318EF4-05EC-476F-BABC-264E6BF58D1B}.Debug|Any CPU.ActiveCfg = Debug|Any CPU
		{AC318EF4-05EC-476F-BABC-264E6BF58D1B}.Debug|Any CPU.Build.0 = Debug|Any CPU
		{AC318EF4-05EC-476F-BABC-264E6BF58D1B}.Release|Any CPU.ActiveCfg = Release|Any CPU
		{AC318EF4-05EC-476F-BABC-264E6BF58D1B}.Release|Any CPU.Build.0 = Release|Any CPU
	EndGlobalSection
	GlobalSection(SolutionProperties) = preSolution
		HideSolutionNode = FALSE
	EndGlobalSection
	GlobalSection(ExtensibilityGlobals) = postSolution
		SolutionGuid = {8B58005D-CEBE-46ED-9957-BF969817BD8E}
	EndGlobalSection
EndGlobal
